{
  "lockfileVersion": 1,
  "configVersion": 0,
  "workspaces": {
    "": {
      "name": "@hazae41/echalote",
      "dependencies": {
        "@hazae41/asn1": "1.3.31",
        "@hazae41/binary": "1.3.5",
        "@hazae41/bitset": "1.0.1",
        "@hazae41/bytes": "1.2.11",
        "@hazae41/cadenas": "0.4.2",
        "@hazae41/cascade": "2.2.2",
        "@hazae41/cursor": "1.2.4",
        "@hazae41/fleche": "1.4.5",
        "@hazae41/future": "1.0.3",
        "@hazae41/kcp": "1.1.3",
        "@hazae41/mutex": "2.1.0",
        "@hazae41/option": "1.1.4",
        "@hazae41/plume": "3.0.5",
        "@hazae41/smux": "1.1.3",
        "@hazae41/x509": "1.2.10",
        "@noble/ciphers": "1.3.0",
        "@noble/curves": "1.9.1",
        "@noble/hashes": "1.8.0",
      },
      "devDependencies": {
        "@hazae41/deimos": "^1.0.6",
        "@hazae41/phobos": "^1.0.10",
        "@hazae41/rimraf": "^1.0.1",
        "@rollup/plugin-typescript": "^11.1.6",
        "@types/node": "^22.5.3",
        "rollup": "^4.21.2",
        "rollup-plugin-dts": "^6.1.1",
        "rollup-plugin-node-externals": "^7.1.3",
        "tslib": "^2.7.0",
        "typescript": "^5.5.4",
      },
      "peerDependencies": {
        "@hazae41/base16": "1.0.18",
        "@hazae41/base64": "1.0.15",
        "@hazae41/ed25519": "2.1.21",
        "@hazae41/sha1": "1.1.14",
        "@hazae41/x25519": "2.2.9",
      },
    },
  },
  "overrides": {
    "@hazae41/asn1": "1.3.31",
    "@hazae41/base16": "1.0.18",
    "@hazae41/base64": "1.0.15",
    "@hazae41/binary": "1.3.5",
    "@hazae41/cursor": "1.2.4",
    "@hazae41/ed25519": "2.1.21",
    "@hazae41/kcp": "1.1.3",
    "@hazae41/mutex": "2.1.0",
    "@hazae41/smux": "1.1.3",
    "@hazae41/x509": "1.2.10",
  },
  "packages": {
    "@babel/code-frame": ["@babel/code-frame@8.0.0", "", { "dependencies": { "@babel/helper-validator-identifier": "^8.0.0", "js-tokens": "^10.0.0" } }, "sha512-dYYg153EyN2Ekbqw2zAsbd6/JR+9N2SEoC7YV2GyyqMM7x9bLDTjBD6XBhSMLH0wtIVyJj03jWNriQhaN+eoCw=="],

    "@babel/helper-validator-identifier": ["@babel/helper-validator-identifier@8.0.4", "", {}, "sha512-4wFaiLd0bVo4cIoTXI3zKI038NIWE/cr3jvBjejOVYVxV/m8Ltav1USiGzG1fmS5J2RhgEOgXNNK46cRPnRsrg=="],

    "@hazae41/asn1": ["@hazae41/asn1@1.3.31", "", { "dependencies": { "@hazae41/base16": "^1.0.18", "@hazae41/binary": "^1.3.5", "@hazae41/bytes": "^1.2.11", "@hazae41/cursor": "^1.2.4" } }, "sha512-vuErGzgaZDxyEjmhkKHWciwwHvR87lLVqIhs+FLVamBSHZLGOwewgqUlgOK9bNfK6WFB6N7grLX/MJSe3us+PQ=="],

    "@hazae41/base16": ["@hazae41/base16@1.0.18", "", { "dependencies": { "@hazae41/box": "^2.0.1", "@hazae41/option": "^1.1.3" } }, "sha512-N4bcBzrXnbJeM4o0lFXd+PlSL3Z7UIOtVN4+602nmE+2cHbBzT2BsPTX4oH5+YBhX3rEMFE/pJ60nT57amRxhw=="],

    "@hazae41/base64": ["@hazae41/base64@1.0.15", "", { "dependencies": { "@hazae41/box": "^2.0.1", "@hazae41/option": "^1.1.3" } }, "sha512-SX97fH6s5wxu454q0JohKQEPUEqQDTREWoKhvs+523VFz0Ur+DsPaC60jl7eamfbb3QwDcycu3Wf0GmqDQ+Ypw=="],

    "@hazae41/base64url": ["@hazae41/base64url@1.0.17", "", { "dependencies": { "@hazae41/box": "^2.0.1", "@hazae41/option": "^1.1.3" } }, "sha512-1X73r8GJHN6KGUu4f+6jY7s5Sqz8Y/HpNsdD+7IGhrK7EZ96CbKD/0sEh2np+UJ4vxwMmmtMZsWdyKnJdbDiug=="],

    "@hazae41/binary": ["@hazae41/binary@1.3.5", "", { "dependencies": { "@hazae41/cursor": "^1.2.4" } }, "sha512-o2unN0+W8+QDJkrUEYpTgJafZrPcjjpszYLEy8WwDR0BOvzT/cFNm1lA8vJEsv2jSGfGmqCSid4ndgkHWO8UAg=="],

    "@hazae41/bitset": ["@hazae41/bitset@1.0.1", "", {}, "sha512-XZAGbTJjq5vY4Z/RzVLH2hfAOE7jjz+wTUTk9GuWv5GIofPTNyO/3ETwP9NdTFJpcQPvTLdjiBjoWZ1+e/J8eA=="],

    "@hazae41/bitwise.wasm": ["@hazae41/bitwise.wasm@1.0.6", "", { "peerDependencies": { "@hazae41/memory.wasm": "^1.0.9" } }, "sha512-g+kf7WCmjh/sQdd4BkaO2EnZhSU1R2KP5uJThK+QinbwkQ4CkKxaeqSAszFmucK+yYxXmTMonFWIJQH0RhYWnQ=="],

    "@hazae41/box": ["@hazae41/box@2.0.1", "", {}, "sha512-eX9AeEfeZkRSgEeoZMZn1oAEE1lDpmBFSuYcpJ2NZ2btxh+VeiuegHCazzqMWqyR79OLJQxK+o1iVA5j6hi16A=="],

    "@hazae41/bytes": ["@hazae41/bytes@1.2.11", "", {}, "sha512-cmuy7gwYGUZjCu2tEMfvCYUDOuC31g23B5q4dQ8IBBH7SxFOW3tSdm1UHKDm49bFFtOZ/uO86B6jSTj2Ci5XCg=="],

    "@hazae41/cadenas": ["@hazae41/cadenas@0.4.2", "", { "dependencies": { "@hazae41/asn1": "^1.3.31", "@hazae41/base16": "^1.0.18", "@hazae41/binary": "^1.3.5", "@hazae41/bytes": "^1.2.11", "@hazae41/cascade": "^2.2.2", "@hazae41/cursor": "^1.2.4", "@hazae41/ed25519": "^2.1.19", "@hazae41/future": "^1.0.3", "@hazae41/option": "^1.1.3", "@hazae41/x509": "^1.2.10" } }, "sha512-yGdGZjAtlG6x7ira74bmJY4xQ3+bQehATP1QfNRqhOt3EiSC4LIbq0158/X3p3/48jHY2vpVO1B8h0h9HDCymw=="],

    "@hazae41/cascade": ["@hazae41/cascade@2.2.2", "", {}, "sha512-9Y0MVMPca3AY2W63ckyULrgw2d8V9+ROOSZs+5PPbzm0zS+ihlD015Kpkpf8J1jtvIWIRhflcFa5Rbk/Ip5DKQ=="],

    "@hazae41/cursor": ["@hazae41/cursor@1.2.4", "", {}, "sha512-/pE3kOcZnPtLdw6MTv3ALEcuUV3Ab3lWNAafGQSMAzN7vUIJJUIa3mReScwsCLNnfYWy34Y46RIuRb/2kOnEcg=="],

    "@hazae41/deimos": ["@hazae41/deimos@1.0.6", "", {}, "sha512-WFPqGe3hVKoUxXSDK+eJpKEpjTBZYfrvBCNlpUAjSyDB/5GrsjcVpgX37QDXZvtJA+Y8fZz1VHxuWGh+I46cIw=="],

    "@hazae41/disposer": ["@hazae41/disposer@2.0.20", "", {}, "sha512-O+/vlXgyJtd9yGEtkjJ2GszqiEhCDdusaPhnUMwjyrY1En5X2Jd3CTHahJxdsrfBVuXuULy3xcaC67qse/b86g=="],

    "@hazae41/ed25519": ["@hazae41/ed25519@2.1.21", "", { "dependencies": { "@hazae41/box": "^2.0.1", "@hazae41/option": "^1.1.3", "@hazae41/result": "^1.3.1" }, "peerDependencies": { "@hazae41/base64url": "^1.0.17" } }, "sha512-H9Tv+aLkhohIVnV5yYJCUIrtfDYHy9uyWGD51fwR4CQpecr1AkYpWtPUbZ9TaKWh/we5/1dOZgyX9mCoUelhaA=="],

    "@hazae41/fleche": ["@hazae41/fleche@1.4.5", "", { "dependencies": { "@hazae41/base64": "^1.0.15", "@hazae41/binary": "^1.3.5", "@hazae41/bytes": "^1.2.11", "@hazae41/cascade": "^2.2.2", "@hazae41/cursor": "^1.2.4", "@hazae41/disposer": "^2.0.20", "@hazae41/future": "^1.0.3", "@hazae41/signals": "^1.0.2" }, "peerDependencies": { "@hazae41/bitwise.wasm": "^1" } }, "sha512-IKL93Tec14docV+UpvHdHp87/cGgCIAybYT462mx6y0nw+LZz9pkExeUGjI1t/dz1krWQWbAh3OJ2QqcYFbOFA=="],

    "@hazae41/future": ["@hazae41/future@1.0.3", "", {}, "sha512-tc6xV7buZI1P8d66OTH7noD5L3fKCZpTOfyvlVMIcjqvkY/gRcBinFzegc6DmXx08ZlwfAlnebU+ZX5NO+9+iw=="],

    "@hazae41/kcp": ["@hazae41/kcp@1.1.3", "", { "dependencies": { "@hazae41/binary": "^1.3.5", "@hazae41/bytes": "^1.2.11", "@hazae41/cascade": "^2.2.2", "@hazae41/cursor": "^1.2.4", "@hazae41/future": "^1.0.3" } }, "sha512-Q/l1vZ1NYeElTHrgIxjDUsI5U2Bfkj5lCFyRyEXiya66bCxKTXYXDguGh+qi/bS0onPX6/TSipLHeyYXXHGAIA=="],

    "@hazae41/memory.wasm": ["@hazae41/memory.wasm@1.0.9", "", {}, "sha512-bI7zYPODlQsRm2006WIBD/Vno9ONFwr5Gvkq89qUUSS+e2Qv56+RMl6Xcmsnhb9x622DPx4ty3QImD4WVknsMQ=="],

    "@hazae41/mutex": ["@hazae41/mutex@2.1.0", "", { "dependencies": { "@hazae41/future": "^1.0.3" } }, "sha512-69PEhdpLNuuOshb14pvK2gmOAvtJApz2vIzEgRtvVNffeGrUxXO2GyPKXqjjZ80Bvy4WA9Ov0BDIdeeqOyqwMQ=="],

    "@hazae41/option": ["@hazae41/option@1.1.4", "", { "dependencies": { "@hazae41/result": "^1.3.0" } }, "sha512-ZGAVkOJJw2YIeihG8PaWs4R3KDloCgWGNDPqbATvT3kTtoyU+dJmya/UCM2P+ZwCfWYpE7nGiYJbBTlpp929Qg=="],

    "@hazae41/phobos": ["@hazae41/phobos@1.0.10", "", {}, "sha512-ZCZx2YXnRAmMxQhBSg1/GW3wll8UVXGJm8ADWaGk9sJRnXE0zISAHz1mRZIHXHAq+MUBOQF7d6AeCAckc2xYlQ=="],

    "@hazae41/plume": ["@hazae41/plume@3.0.5", "", { "dependencies": { "@hazae41/disposer": "^2.0.20", "@hazae41/future": "^1.0.3", "@hazae41/signals": "^1.0.2" }, "peerDependencies": { "@hazae41/option": "^1.1.4" } }, "sha512-Kx6dP09Fj/34RTLHXJ3nlTgPv9TLPsY9O0h1MjbKW8/DB4S3RhmFWLcbLeoJ870do4b0zuRQWNPDAPvSkK6AAA=="],

    "@hazae41/result": ["@hazae41/result@1.3.1", "", { "dependencies": { "@hazae41/option": "^1.1.3" } }, "sha512-he5ztZ70eDXyEwnBVo5snfkb0FUC/4CB/6gWwbOw0a/lrqWH7XQpAyEHjePkmy3ZEo9Lu71/mVBnsPW4BZzD9A=="],

    "@hazae41/rimraf": ["@hazae41/rimraf@1.0.1", "", { "bin": { "rimraf": "dist/index.mjs" } }, "sha512-EmzbyXflKMxnfiEAsE2jn84Bo2WeTxPasdasQ0JP4gisCa3n9qrB2tiR9fmRsrkS6wH/H16oBsu4dkyfaJiKQw=="],

    "@hazae41/sha1": ["@hazae41/sha1@1.1.14", "", { "dependencies": { "@hazae41/box": "^2.0.1", "@hazae41/option": "^1.1.3" } }, "sha512-I5f2SDHVVw6TZGt06ov/dxRglozxEt0WCU0u2rr6Q7PktAYcLUNAV/CGy/TyQBgS+oMb8ucS6U/inzb8FlhEzA=="],

    "@hazae41/signals": ["@hazae41/signals@1.0.2", "", { "dependencies": { "@hazae41/disposer": "^2.0.20", "@hazae41/future": "^1.0.3" } }, "sha512-vgcjmjyMtN5l61D8a+GWqQfhvTA5aEcgEPK5RKDPe66dTgj10M/xOgQV/McJuwgDRf0gvEvpUMStMs+OfVEIxA=="],

    "@hazae41/smux": ["@hazae41/smux@1.1.3", "", { "dependencies": { "@hazae41/binary": "^1.3.5", "@hazae41/bytes": "^1.2.11", "@hazae41/cascade": "^2.2.2", "@hazae41/cursor": "^1.2.4", "@hazae41/future": "^1.0.3" } }, "sha512-2xe71M//WSGaZ6O06TF0E/4pQBG9p56Ufx/hEoxY970Sn4spWEd45iXvNbMr3muFt3j9QUITt8DBWmlTSRfFdw=="],

    "@hazae41/x25519": ["@hazae41/x25519@2.2.9", "", { "dependencies": { "@hazae41/box": "^2.0.1", "@hazae41/option": "^1.1.3", "@hazae41/result": "^1.3.1" } }, "sha512-OuDHsdNLzgDLlaSFqLUdWM52isFs0PpDImDLbMviWsHTndcRum2jpQGnQHyP0EyA/GbdjQaVAMBteje1SIPjuA=="],

    "@hazae41/x509": ["@hazae41/x509@1.2.10", "", { "dependencies": { "@hazae41/asn1": "^1.3.31", "@hazae41/base16": "^1.0.18", "@hazae41/base64": "^1.0.15", "@hazae41/binary": "^1.3.5" } }, "sha512-hfi4WQWRwQHgPZKhD/nLty2XlPJyLehaoHib/1UpffYbKcauWGhIy/GtI8TaCA6kBvpFYylUcuWmY8+kV1pquQ=="],

    "@jridgewell/gen-mapping": ["@jridgewell/gen-mapping@0.3.13", "", { "dependencies": { "@jridgewell/sourcemap-codec": "^1.5.0", "@jridgewell/trace-mapping": "^0.3.24" } }, "sha512-2kkt/7niJ6MgEPxF0bYdQ6etZaA+fQvDcLKckhy1yIQOzaoKjBBjSj63/aLVjYE3qhRt5dvM+uUyfCg6UKCBbA=="],

    "@jridgewell/remapping": ["@jridgewell/remapping@2.3.5", "", { "dependencies": { "@jridgewell/gen-mapping": "^0.3.5", "@jridgewell/trace-mapping": "^0.3.24" } }, "sha512-LI9u/+laYG4Ds1TDKSJW2YPrIlcVYOwi2fUC6xB43lueCjgxV4lffOCZCtYFiH6TNOX+tQKXx97T4IKHbhyHEQ=="],

    "@jridgewell/resolve-uri": ["@jridgewell/resolve-uri@3.1.2", "", {}, "sha512-bRISgCIjP20/tbWSPWMEi54QVPRZExkuD9lJL+UIxUKtwVJA8wW1Trb1jMs1RFXo1CBTNZ/5hpC9QvmKWdopKw=="],

    "@jridgewell/sourcemap-codec": ["@jridgewell/sourcemap-codec@1.5.5", "", {}, "sha512-cYQ9310grqxueWbl+WuIUIaiUaDcj7WOq5fVhEljNVgRfOUhY9fy2zTvfoqWsnebh8Sl70VScFbICvJnLKB0Og=="],

    "@jridgewell/trace-mapping": ["@jridgewell/trace-mapping@0.3.31", "", { "dependencies": { "@jridgewell/resolve-uri": "^3.1.0", "@jridgewell/sourcemap-codec": "^1.4.14" } }, "sha512-zzNR+SdQSDJzc8joaeP8QQoCQr8NuYx2dIIytl1QeBEZHJ9uW6hebsrYgbz8hJwUQao3TWCMtmfV8Nu1twOLAw=="],

    "@napi-rs/lzma-linux-x64-gnu": ["@napi-rs/lzma-linux-x64-gnu@1.5.1", "", { "os": "linux", "cpu": "x64" }, "sha512-oTXEIha4SsuXdTA4Iyskj0kpdx2yVXdhd75c2v3xGrHFfVMsbhTPZU/nMPL4sWKo4pBHm3aucLaqGlF696dTyQ=="],

    "@noble/ciphers": ["@noble/ciphers@1.3.0", "", {}, "sha512-2I0gnIVPtfnMw9ee9h1dJG7tp81+8Ob3OJb3Mv37rx5L40/b0i7djjCVvGOVqc9AEIQyvyu1i6ypKdFw8R8gQw=="],

    "@noble/curves": ["@noble/curves@1.9.1", "", { "dependencies": { "@noble/hashes": "1.8.0" } }, "sha512-k11yZxZg+t+gWvBbIswW0yoJlu8cHOC7dhunwOzoWH/mXGBiYyR4YY6hAEK/3EUs4UpB8la1RfdRpeGsFHkWsA=="],

    "@noble/hashes": ["@noble/hashes@1.8.0", "", {}, "sha512-jCs9ldd7NwzpgXDIf6P3+NrHh9/sD6CQdxHyjQI+h/6rDNo88ypBxxz45UDuZHz9r3tNz7N/VInSVoVdtXEI4A=="],

    "@rollup/plugin-typescript": ["@rollup/plugin-typescript@11.1.6", "", { "dependencies": { "@rollup/pluginutils": "^5.1.0", "resolve": "^1.22.1" }, "peerDependencies": { "rollup": "^2.14.0||^3.0.0||^4.0.0", "tslib": "*", "typescript": ">=3.7.0" }, "optionalPeers": ["rollup", "tslib"] }, "sha512-R92yOmIACgYdJ7dJ97p4K69I8gg6IEHt8M7dUBxN3W6nrO8uUxX5ixl0yU/N3aZTi8WhPuICvOHXQvF6FaykAA=="],

    "@rollup/pluginutils": ["@rollup/pluginutils@5.4.0", "", { "dependencies": { "@types/estree": "^1.0.0", "estree-walker": "^2.0.2", "picomatch": "^4.0.2" }, "peerDependencies": { "rollup": "^1.20.0||^2.0.0||^3.0.0||^4.0.0" }, "optionalPeers": ["rollup"] }, "sha512-MfPp06CjRLfXQ3wY0R8vJDYBy/MvVcc9OulEfR0B8Iv9ko+GCNaRZ+EpJYFl27LhKsZK0o420sYCRHCjfCgeUg=="],

    "@rollup/rollup-android-arm-eabi": ["@rollup/rollup-android-arm-eabi@4.62.4", "", { "os": "android", "cpu": "arm" }, "sha512-RrPokAb7dmbxFoeO3TloqHyOjgye8RkBhSqmp4aJMIex4c9r46ZstPnleDQOq1t46VOVjwIuwNogIqbodV1Vvg=="],

    "@rollup/rollup-android-arm64": ["@rollup/rollup-android-arm64@4.62.4", "", { "os": "android", "cpu": "arm64" }, "sha512-JKuJc+pnpks2pjy7L/N3v/cAkZxYlnmuZoD840ldbMI5KDbC4iO9NKwPKYdjYFCMAIIlBzYSFHxIJVYzRo2/8A=="],

    "@rollup/rollup-darwin-arm64": ["@rollup/rollup-darwin-arm64@4.62.4", "", { "os": "darwin", "cpu": "arm64" }, "sha512-krw5uS2STmvJ02x0uTXHbqQNuz+9eZ1iw+qXk9dmW2gvV4jV7O2hEoOnuhFrpOPiel1mBFtqbxYZZtC46hXLOw=="],

    "@rollup/rollup-darwin-x64": ["@rollup/rollup-darwin-x64@4.62.4", "", { "os": "darwin", "cpu": "x64" }, "sha512-wsTxtgApb4PrOsNJIm0FZ1h3WvCC+k9uxLJ4ad75hgoS4NiRes2SoJFlDAyMwiUY8IssDqGcHbXuN0sx1tfF1A=="],

    "@rollup/rollup-freebsd-arm64": ["@rollup/rollup-freebsd-arm64@4.62.4", "", { "os": "freebsd", "cpu": "arm64" }, "sha512-GUOnQlyZe3yAXhWOtOMsn5Qkrv5E5mZXa0thbARWi5Ei2szlVXJFQhddZ4HbAzh8q92w5twp+CQvs/eFanz9YQ=="],

    "@rollup/rollup-freebsd-x64": ["@rollup/rollup-freebsd-x64@4.62.4", "", { "os": "freebsd", "cpu": "x64" }, "sha512-/Y7f3QuxjzPKsjA/rfEDa3+0vXqyjmJ50Ln8dPpCmWkKTrUoWHG1cWhTqaAMLob2m2nESWuC7yGrREz019Ztqg=="],

    "@rollup/rollup-linux-arm-gnueabihf": ["@rollup/rollup-linux-arm-gnueabihf@4.62.4", "", { "os": "linux", "cpu": "arm" }, "sha512-81wiiX3v7aqy+T+bT61TJ78yJjRquqFFTTbAPt08imfQQzkPIW8t6aJbkTagtCCrXMNc9D66+geqlK7ydLPNqA=="],

    "@rollup/rollup-linux-arm-musleabihf": ["@rollup/rollup-linux-arm-musleabihf@4.62.4", "", { "os": "linux", "cpu": "arm" }, "sha512-9kmDIvNZqdoHOBZgNtpTBeLWYO/LVipM3H/j62P8848/l/VPEQL6N3uxU9pvP1oZAsXyC2MEnFP3ovRjo7WYNQ=="],

    "@rollup/rollup-linux-arm64-gnu": ["@rollup/rollup-linux-arm64-gnu@4.62.4", "", { "os": "linux", "cpu": "arm64" }, "sha512-CcnXHWnXg69g+DX5VWL3FHts3qMRN2uVEHX+BZvGLdd07/gXkn3ePjYtO1LDJvxkGKVHMclKBRa1QUTH+6toYQ=="],

    "@rollup/rollup-linux-arm64-musl": ["@rollup/rollup-linux-arm64-musl@4.62.4", "", { "os": "linux", "cpu": "arm64" }, "sha512-iFOibiHnTRuhrWLlRsOQFdZJJIa7S8OwkneJr4ocALP16u5yk6lWLINFwhHaEqBFMsKDUZofLkGos7+CPzGB3g=="],

    "@rollup/rollup-linux-loong64-gnu": ["@rollup/rollup-linux-loong64-gnu@4.62.4", "", { "os": "linux", "cpu": "none" }, "sha512-XnWYMI7euHlb5a871xPja+Gm7DRCFU+FGRrtS2sMq9N8FvqtpagUy6gD4YOemC5MRk9xbh8+jYMEJbigFQwsgA=="],

    "@rollup/rollup-linux-loong64-musl": ["@rollup/rollup-linux-loong64-musl@4.62.4", "", { "os": "linux", "cpu": "none" }, "sha512-qGDAlO0U8xedCcsdRm9oaoQY8DAx/QT7uIxJWhCdx0ceIWX783UC9QSYkdpzAe29wNiVfp24+bZdQmn49o45SQ=="],

    "@rollup/rollup-linux-ppc64-gnu": ["@rollup/rollup-linux-ppc64-gnu@4.62.4", "", { "os": "linux", "cpu": "ppc64" }, "sha512-ru4H6ezD7ysA5EiEK6qkkaEb4modH8CTej6kUy/gQi20u3kB3G7Zn8snXXkeJSCOFKG/rbPPtM/+9Wgas1961w=="],

    "@rollup/rollup-linux-ppc64-musl": ["@rollup/rollup-linux-ppc64-musl@4.62.4", "", { "os": "linux", "cpu": "ppc64" }, "sha512-2W4MO5WQVJnbJaZdvDb9rhBDuFU1nKIepPFpJUBsTh2k1YY2g+ODViaWuyOAjQ5cOP7NvrvLzt3wvHOoiAvc7w=="],

    "@rollup/rollup-linux-riscv64-gnu": ["@rollup/rollup-linux-riscv64-gnu@4.62.4", "", { "os": "linux", "cpu": "none" }, "sha512-+fxjfuoAmVMCYV5QyjoIpu0cp5DOiOTeqYFk1AVaxGr+/ravWLX89XfQmptsoWcaVy/TGf2hexzbUOrCQIL1CQ=="],

    "@rollup/rollup-linux-riscv64-musl": ["@rollup/rollup-linux-riscv64-musl@4.62.4", "", { "os": "linux", "cpu": "none" }, "sha512-jTn8JfHGL4djjFxPuM06LmNUJDsst2jeVlsd9OmIH6zc5sC9K6rIuO4YajXatLUpBmBKl6b35ro1QZocLi+tcA=="],

    "@rollup/rollup-linux-s390x-gnu": ["@rollup/rollup-linux-s390x-gnu@4.62.4", "", { "os": "linux", "cpu": "s390x" }, "sha512-oCJCJL4pXsoDcP2QZ+JVlPTIRc6266zsIaeJJsWImmF7HO0W8nb6HuSgZlMWxJwaPf8ehbSw8yo0EUw925hKsA=="],

    "@rollup/rollup-linux-x64-gnu": ["@rollup/rollup-linux-x64-gnu@4.62.4", "", { "os": "linux", "cpu": "x64" }, "sha512-W69hukhZ3KKNRCaMIEzKvcFye42hh0FE1+YoYaf5+Ikacuftoco6yO/xouz0hc5d5W/s3yBro5jRiuEE/Q5vUw=="],

    "@rollup/rollup-linux-x64-musl": ["@rollup/rollup-linux-x64-musl@4.62.4", "", { "os": "linux", "cpu": "x64" }, "sha512-qiXbGG2jkjXhzXpsFZSR2Xpb8DN/UaxYsbb/STbuR/6fpaDgRmmaq1B/LmtF2wQFOFOSsK2jdE0RZ3a0zHn4QA=="],

    "@rollup/rollup-openbsd-x64": ["@rollup/rollup-openbsd-x64@4.62.4", "", { "os": "openbsd", "cpu": "x64" }, "sha512-nWeM//hxv8mIo6jD7Hu4o48DVmV9pbV6gsKaWU+4NFyqHoPKwrkRiZGLKUhOBk8qNmDmpwFtPKg80Bo/Tn4xiQ=="],

    "@rollup/rollup-openharmony-arm64": ["@rollup/rollup-openharmony-arm64@4.62.4", "", { "os": "none", "cpu": "arm64" }, "sha512-s62SQ/vgsRSvMwDkOEfTqfgASF0f26ZNaQuTA6Aok5lrikf89yI2W0gFHvZb2Jpgc6N8JnOKZgCK2iciO3CsxQ=="],

    "@rollup/rollup-win32-arm64-msvc": ["@rollup/rollup-win32-arm64-msvc@4.62.4", "", { "os": "win32", "cpu": "arm64" }, "sha512-J6wGf8TVGbXJq+HH+ttTvrcfNKPbuZecV6KT1B8I18BC5IURUh5kl4Yl5OEP5eFIUoI5BWxCsyYMhFsDx8kekw=="],

    "@rollup/rollup-win32-ia32-msvc": ["@rollup/rollup-win32-ia32-msvc@4.62.4", "", { "os": "win32", "cpu": "ia32" }, "sha512-zmfrQd/0wu6oJs8Vq8KwY/YtsKSsLtKe/HwAP4Wqy8LhWjeT55fHRAkOhYQ12wI3ayS4Tt12d5CDRD7N96SAYQ=="],

    "@rollup/rollup-win32-x64-gnu": ["@rollup/rollup-win32-x64-gnu@4.62.4", "", { "os": "win32", "cpu": "x64" }, "sha512-qPzHqdj9rfUD+w79dtE07zi/kFwKyCJqplp5K5ygeLTp7jLpAoc16OAH39HSmRC9UpozaecsleI8uAdEj6v2yw=="],

    "@rollup/rollup-win32-x64-msvc": ["@rollup/rollup-win32-x64-msvc@4.62.4", "", { "os": "win32", "cpu": "x64" }, "sha512-zD6NdeWEByGE9QF9vCrlJ5YQB4oq9q91kPZS37Jwj5hOkvR1lTBSpsKhKDw4IJtbQ35LsTS1HD9DZYGKIshU1Q=="],

    "@types/estree": ["@types/estree@1.0.9", "", {}, "sha512-GhdPgy1el4/ImP05X05Uw4cw2/M93BCUmnEvWZNStlCzEKME4Fkk+YpoA5OiHNQmoS7Cafb8Xa3Pya8m1Qrzeg=="],

    "@types/node": ["@types/node@22.5.3", "", { "dependencies": { "undici-types": "~6.19.2" } }, "sha512-njripolh85IA9SQGTAqbmnNZTdxv7X/4OYGPz8tgy5JDr8MP+uDBa921GpYEoDDnwm0Hmn5ZPeJgiiSTPoOzkQ=="],

    "convert-source-map": ["convert-source-map@2.0.0", "", {}, "sha512-Kvp459HrV2FEJ1CAsi1Ku+MY3kasH19TFykTz2xWmMeq6bk2NU3XXvfJ+Q61m0xktWwt+1HSYf3JZsTms3aRJg=="],

    "es-errors": ["es-errors@1.3.0", "", {}, "sha512-Zf5H2Kxt2xjTvbJvP2ZWLEICxA6j+hAmMzIlypy4xcBg1vKVnx89Wy0GbS+kf5cwCVFFzdCFh2XSCFNULS6csw=="],

    "estree-walker": ["estree-walker@2.0.2", "", {}, "sha512-Rfkk/Mp/DL7JVje3u18FxFujQlTNR2q6QfMSMB7AvCBx91NGj/ba3kCfza0f6dVDbw7YlRf/nDrn7pQrCCyQ/w=="],

    "fsevents": ["fsevents@2.3.3", "", { "os": "darwin" }, "sha512-5xoDfX+fL7faATnagmWPpbFtwh/R77WmMMqqHGS65C3vvB0YHrgF+B1YmZ3441tMj5n63k0212XNoJwzlhffQw=="],

    "function-bind": ["function-bind@1.1.2", "", {}, "sha512-7XHNxH7qX9xG5mIwxkhumTox/MIRNcOgDrxWsMt2pAr23WHp6MrRlN7FBSFpCpr+oVO0F744iUgR82nJMfG2SA=="],

    "hasown": ["hasown@2.0.4", "", { "dependencies": { "function-bind": "^1.1.2" } }, "sha512-T2UbfbBEF32wiepXIsMlTW9+dDYC6wMh/t/vYA4tuOMKqWz/n3vr1NFSxQiyP+zk2mXsoMA/i/7qV6LKut1t1A=="],

    "is-core-module": ["is-core-module@2.16.2", "", { "dependencies": { "hasown": "^2.0.3" } }, "sha512-evOr8xfXKxE6qSR0hSXL2r3sd7ALj8+7jQEUvPYcm5sgZFdJ+AYzT6yNmJenvIYQBgIGwfwz08sL8zoL7yq2BA=="],

    "js-tokens": ["js-tokens@10.0.0", "", {}, "sha512-lM/UBzQmfJRo9ABXbPWemivdCW8V2G8FHaHdypQaIy523snUjog0W71ayWXTjiR+ixeMyVHN2XcpnTd/liPg/Q=="],

    "magic-string": ["magic-string@0.30.21", "", { "dependencies": { "@jridgewell/sourcemap-codec": "^1.5.5" } }, "sha512-vd2F4YUyEXKGcLHoq+TEyCjxueSeHnFxyyjNp80yg0XV4vUhnDer/lvvlqM/arB5bXQN5K2/3oinyCRyx8T2CQ=="],

    "path-parse": ["path-parse@1.0.7", "", {}, "sha512-LDJzPVEEEPR+y48z93A0Ed0yXb8pAByGWo/k5YYdYgpY2/2EsOsksJrq7lOHxryrVOn1ejG6oAp8ahvOIQD8sw=="],

    "picomatch": ["picomatch@4.0.5", "", {}, "sha512-RvwwcruNjI1ncT5xRakeyS9Lf8lcItv34KD+aif+VH9kduAyfYBipGh12274xtenIPZ119/R9BdTBa8gAwSh0A=="],

    "resolve": ["resolve@1.22.12", "", { "dependencies": { "es-errors": "^1.3.0", "is-core-module": "^2.16.1", "path-parse": "^1.0.7", "supports-preserve-symlinks-flag": "^1.0.0" }, "bin": { "resolve": "bin/resolve" } }, "sha512-TyeJ1zif53BPfHootBGwPRYT1RUt6oGWsaQr8UyZW/eAm9bKoijtvruSDEmZHm92CwS9nj7/fWttqPCgzep8CA=="],

    "rollup": ["rollup@4.62.4", "", { "dependencies": { "@types/estree": "1.0.9" }, "optionalDependencies": { "@napi-rs/lzma-linux-x64-gnu": "1.5.1", "@rollup/rollup-android-arm-eabi": "4.62.4", "@rollup/rollup-android-arm64": "4.62.4", "@rollup/rollup-darwin-arm64": "4.62.4", "@rollup/rollup-darwin-x64": "4.62.4", "@rollup/rollup-freebsd-arm64": "4.62.4", "@rollup/rollup-freebsd-x64": "4.62.4", "@rollup/rollup-linux-arm-gnueabihf": "4.62.4", "@rollup/rollup-linux-arm-musleabihf": "4.62.4", "@rollup/rollup-linux-arm64-gnu": "4.62.4", "@rollup/rollup-linux-arm64-musl": "4.62.4", "@rollup/rollup-linux-loong64-gnu": "4.62.4", "@rollup/rollup-linux-loong64-musl": "4.62.4", "@rollup/rollup-linux-ppc64-gnu": "4.62.4", "@rollup/rollup-linux-ppc64-musl": "4.62.4", "@rollup/rollup-linux-riscv64-gnu": "4.62.4", "@rollup/rollup-linux-riscv64-musl": "4.62.4", "@rollup/rollup-linux-s390x-gnu": "4.62.4", "@rollup/rollup-linux-x64-gnu": "4.62.4", "@rollup/rollup-linux-x64-musl": "4.62.4", "@rollup/rollup-openbsd-x64": "4.62.4", "@rollup/rollup-openharmony-arm64": "4.62.4", "@rollup/rollup-win32-arm64-msvc": "4.62.4", "@rollup/rollup-win32-ia32-msvc": "4.62.4", "@rollup/rollup-win32-x64-gnu": "4.62.4", "@rollup/rollup-win32-x64-msvc": "4.62.4", "fsevents": "~2.3.2" }, "bin": { "rollup": "dist/bin/rollup" } }, "sha512-RXOqwaPsBGjMNMa4sQjDjHieHEZDFoj/Rdr46l2MU5DfEs16wHJPC2RPTPHWhNl+M3aI472LLqFkFKut4SblOg=="],

    "rollup-plugin-dts": ["rollup-plugin-dts@6.5.1", "", { "dependencies": { "@jridgewell/remapping": "^2.3.5", "@jridgewell/sourcemap-codec": "^1.5.5", "convert-source-map": "^2.0.0", "magic-string": "^0.30.21" }, "optionalDependencies": { "@babel/code-frame": "^8.0.0" }, "peerDependencies": { "@typescript/typescript6": "^6", "rollup": "^3 || ^4", "typescript": "^4.5 || ^5 || ^6 || ^7" }, "optionalPeers": ["@typescript/typescript6"] }, "sha512-jODTXp3H7MK/Ur/ErtsrQ0G1GvaCmc3du+y5pNrdBMf6d7HlL2Nd/N6TkEr+f75CkUj01zEoEd7y2elH0eHi1Q=="],

    "rollup-plugin-node-externals": ["rollup-plugin-node-externals@7.1.3", "", { "peerDependencies": { "rollup": "^3.0.0 || ^4.0.0" } }, "sha512-RM+7tJAejAoRsCf93TptTSdqUhRA8S78DleihMiu54Kac+uLkd9VIegLPhGnaW3ehZTXh56+R301mFH6j2A7vw=="],

    "supports-preserve-symlinks-flag": ["supports-preserve-symlinks-flag@1.0.0", "", {}, "sha512-ot0WnXS9fgdkgIcePe6RHNk1WA8+muPa6cSjeR3V8K27q9BB1rTE3R1p7Hv0z1ZyAc8s6Vvv8DIyWf681MAt0w=="],

    "tslib": ["tslib@2.8.1", "", {}, "sha512-oJFu94HQb+KVduSUQL7wnpmqnfmLsOA/nAh6b6EH0wCEoK0/mPeXU6c3wKDV83MkOuHPRHtSXKKU99IBazS/2w=="],

    "typescript": ["typescript@5.5.4", "", { "bin": { "tsc": "bin/tsc", "tsserver": "bin/tsserver" } }, "sha512-Mtq29sKDAEYP7aljRgtPOpTvOfbwRWlS6dPRzwjdE+C0R4brX/GUyhHSecbHMFLNBLcJIPt9nl9yG5TZ1weH+Q=="],

    "undici-types": ["undici-types@6.19.8", "", {}, "sha512-ve2KP6f/JnbPBFyobGHuerC9g1FYGn/F8n1LWTwNxCEzd6IfqTwUQcNXgEtmmQ6DlRrC1hrSrBnCZPokRrDHjw=="],
  }
}
